// !$*UTF8*$!
{
	archiveVersion = 1;
	classes = {
	};
	objectVersion = 48;
	objects = {

/* Begin PBXBuildFile section */
		8072A9281FB1A34B00207B70 /* Geometry.cpp in Sources */ = {isa = PBXBuildFile; fileRef = 8072A9271FB1A34B00207B70 /* Geometry.cpp */; };
		80A0491D1FB2E6FC00AAFA9E /* Curve.cpp in Sources */ = {isa = PBXBuildFile; fileRef = 80A0491C1FB2E6FC00AAFA9E /* Curve.cpp */; };
		80D5872B1FA59D1700C88511 /* Matrix.cpp in Sources */ = {isa = PBXBuildFile; fileRef = 80D5872A1FA59D1700C88511 /* Matrix.cpp */; };
		80F0B9861FA07FAC00BAFFB3 /* main.cpp in Sources */ = {isa = PBXBuildFile; fileRef = 80F0B9851FA07FAC00BAFFB3 /* main.cpp */; };
		80F0B98E1FA07FC100BAFFB3 /* OpenGL.framework in Frameworks */ = {isa = PBXBuildFile; fileRef = 80F0B98D1FA07FB800BAFFB3 /* OpenGL.framework */; };
		80F0B9921FA0801B00BAFFB3 /* libglfw.3.2.dylib in Frameworks */ = {isa = PBXBuildFile; fileRef = 80F0B9911FA0801B00BAFFB3 /* libglfw.3.2.dylib */; };
		80F0B9951FA084C300BAFFB3 /* Vector3.cpp in Sources */ = {isa = PBXBuildFile; fileRef = 80F0B9941FA084C300BAFFB3 /* Vector3.cpp */; };
/* End PBXBuildFile section */

/* Begin PBXCopyFilesBuildPhase section */
		80F0B9801FA07FAC00BAFFB3 /* CopyFiles */ = {
			isa = PBXCopyFilesBuildPhase;
			buildActionMask = 2147483647;
			dstPath = /usr/share/man/man1/;
			dstSubfolderSpec = 0;
			files = (
			);
			runOnlyForDeploymentPostprocessing = 1;
		};
/* End PBXCopyFilesBuildPhase section */

/* Begin PBXFileReference section */
		8072A9261FB1A33B00207B70 /* Geometry.h */ = {isa = PBXFileReference; lastKnownFileType = sourcecode.c.h; path = Geometry.h; sourceTree = "<group>"; };
		8072A9271FB1A34B00207B70 /* Geometry.cpp */ = {isa = PBXFileReference; lastKnownFileType = sourcecode.cpp.cpp; path = Geometry.cpp; sourceTree = "<group>"; };
		80A0491C1FB2E6FC00AAFA9E /* Curve.cpp */ = {isa = PBXFileReference; lastKnownFileType = sourcecode.cpp.cpp; path = Curve.cpp; sourceTree = "<group>"; };
		80D587291FA592FC00C88511 /* Matrix.h */ = {isa = PBXFileReference; lastKnownFileType = sourcecode.c.h; path = Matrix.h; sourceTree = "<group>"; };
		80D5872A1FA59D1700C88511 /* Matrix.cpp */ = {isa = PBXFileReference; lastKnownFileType = sourcecode.cpp.cpp; path = Matrix.cpp; sourceTree = "<group>"; };
		80F0B9821FA07FAC00BAFFB3 /* CurvesVisualizer */ = {isa = PBXFileReference; explicitFileType = "compiled.mach-o.executable"; includeInIndex = 0; path = CurvesVisualizer; sourceTree = BUILT_PRODUCTS_DIR; };
		80F0B9851FA07FAC00BAFFB3 /* main.cpp */ = {isa = PBXFileReference; lastKnownFileType = sourcecode.cpp.cpp; path = main.cpp; sourceTree = "<group>"; };
		80F0B98D1FA07FB800BAFFB3 /* OpenGL.framework */ = {isa = PBXFileReference; lastKnownFileType = wrapper.framework; name = OpenGL.framework; path = System/Library/Frameworks/OpenGL.framework; sourceTree = SDKROOT; };
		80F0B98F1FA07FEE00BAFFB3 /* glfw3.h */ = {isa = PBXFileReference; lastKnownFileType = sourcecode.c.h; name = glfw3.h; path = ../../../../usr/local/Cellar/glfw/3.2.1/include/GLFW/glfw3.h; sourceTree = "<group>"; };
		80F0B9911FA0801B00BAFFB3 /* libglfw.3.2.dylib */ = {isa = PBXFileReference; lastKnownFileType = "compiled.mach-o.dylib"; name = libglfw.3.2.dylib; path = ../../../../usr/local/Cellar/glfw/3.2.1/lib/libglfw.3.2.dylib; sourceTree = "<group>"; };
		80F0B9931FA0803C00BAFFB3 /* Vector3.h */ = {isa = PBXFileReference; lastKnownFileType = sourcecode.c.h; path = Vector3.h; sourceTree = "<group>"; };
		80F0B9941FA084C300BAFFB3 /* Vector3.cpp */ = {isa = PBXFileReference; lastKnownFileType = sourcecode.cpp.cpp; path = Vector3.cpp; sourceTree = "<group>"; };
		80F0B9981FA0C31E00BAFFB3 /* Shader.h */ = {isa = PBXFileReference; lastKnownFileType = sourcecode.c.h; path = Shader.h; sourceTree = "<group>"; };
		80F0B9991FA17CE400BAFFB3 /* Curve.h */ = {isa = PBXFileReference; lastKnownFileType = sourcecode.c.h; path = Curve.h; sourceTree = "<group>"; };
/* End PBXFileReference section */

/* Begin PBXFrameworksBuildPhase section */
		80F0B97F1FA07FAC00BAFFB3 /* Frameworks */ = {
			isa = PBXFrameworksBuildPhase;
			buildActionMask = 2147483647;
			files = (
				80F0B9921FA0801B00BAFFB3 /* libglfw.3.2.dylib in Frameworks */,
				80F0B98E1FA07FC100BAFFB3 /* OpenGL.framework in Frameworks */,
			);
			runOnlyForDeploymentPostprocessing = 0;
		};
/* End PBXFrameworksBuildPhase section */

/* Begin PBXGroup section */
		80F0B9791FA07FAC00BAFFB3 = {
			isa = PBXGroup;
			children = (
				80F0B9841FA07FAC00BAFFB3 /* CurvesVisualizer */,
				80F0B9831FA07FAC00BAFFB3 /* Products */,
				80F0B98C1FA07FB800BAFFB3 /* Frameworks */,
			);
			sourceTree = "<group>";
		};
		80F0B9831FA07FAC00BAFFB3 /* Products */ = {
			isa = PBXGroup;
			children = (
				80F0B9821FA07FAC00BAFFB3 /* CurvesVisualizer */,
			);
			name = Products;
			sourceTree = "<group>";
		};
		80F0B9841FA07FAC00BAFFB3 /* CurvesVisualizer */ = {
			isa = PBXGroup;
			children = (
				80F0B9851FA07FAC00BAFFB3 /* main.cpp */,
				80F0B9931FA0803C00BAFFB3 /* Vector3.h */,
				80F0B9941FA084C300BAFFB3 /* Vector3.cpp */,
				80F0B9981FA0C31E00BAFFB3 /* Shader.h */,
				80F0B9991FA17CE400BAFFB3 /* Curve.h */,
				80A0491C1FB2E6FC00AAFA9E /* Curve.cpp */,
				80D587291FA592FC00C88511 /* Matrix.h */,
				80D5872A1FA59D1700C88511 /* Matrix.cpp */,
				8072A9261FB1A33B00207B70 /* Geometry.h */,
				8072A9271FB1A34B00207B70 /* Geometry.cpp */,
			);
			path = CurvesVisualizer;
			sourceTree = "<group>";
		};
		80F0B98C1FA07FB800BAFFB3 /* Frameworks */ = {
			isa = PBXGroup;
			children = (
				80F0B9911FA0801B00BAFFB3 /* libglfw.3.2.dylib */,
				80F0B98F1FA07FEE00BAFFB3 /* glfw3.h */,
				80F0B98D1FA07FB800BAFFB3 /* OpenGL.framework */,
			);
			name = Frameworks;
			sourceTree = "<group>";
		};
/* End PBXGroup section */

/* Begin PBXNativeTarget section */
		80F0B9811FA07FAC00BAFFB3 /* CurvesVisualizer */ = {
			isa = PBXNativeTarget;
			buildConfigurationList = 80F0B9891FA07FAC00BAFFB3 /* Build configuration list for PBXNativeTarget "CurvesVisualizer" */;
			buildPhases = (
				80F0B97E1FA07FAC00BAFFB3 /* Sources */,
				80F0B97F1FA07FAC00BAFFB3 /* Frameworks */,
				80F0B9801FA07FAC00BAFFB3 /* CopyFiles */,
			);
			buildRules = (
			);
			dependencies = (
			);
			name = CurvesVisualizer;
			productName = CurvesVisualizer;
			productReference = 80F0B9821FA07FAC00BAFFB3 /* CurvesVisualizer */;
			productType = "com.apple.product-type.tool";
		};
/* End PBXNativeTarget section */

/* Begin PBXProject section */
		80F0B97A1FA07FAC00BAFFB3 /* Project object */ = {
			isa = PBXProject;
			attributes = {
				LastUpgradeCheck = 0900;
				ORGANIZATIONNAME = "Chan Tsz Kin";
				TargetAttributes = {
					80F0B9811FA07FAC00BAFFB3 = {
						CreatedOnToolsVersion = 9.0.1;
						ProvisioningStyle = Automatic;
					};
				};
			};
			buildConfigurationList = 80F0B97D1FA07FAC00BAFFB3 /* Build configuration list for PBXProject "CurvesVisualizer" */;
			compatibilityVersion = "Xcode 8.0";
			developmentRegion = en;
			hasScannedForEncodings = 0;
			knownRegions = (
				en,
			);
			mainGroup = 80F0B9791FA07FAC00BAFFB3;
			productRefGroup = 80F0B9831FA07FAC00BAFFB3 /* Products */;
			projectDirPath = "";
			projectRoot = "";
			targets = (
				80F0B9811FA07FAC00BAFFB3 /* CurvesVisualizer */,
			);
		};
/* End PBXProject section */

/* Begin PBXSourcesBuildPhase section */
		80F0B97E1FA07FAC00BAFFB3 /* Sources */ = {
			isa = PBXSourcesBuildPhase;
			buildActionMask = 2147483647;
			files = (
				80D5872B1FA59D1700C88511 /* Matrix.cpp in Sources */,
				8072A9281FB1A34B00207B70 /* Geometry.cpp in Sources */,
				80F0B9951FA084C300BAFFB3 /* Vector3.cpp in Sources */,
				80A0491D1FB2E6FC00AAFA9E /* Curve.cpp in Sources */,
				80F0B9861FA07FAC00BAFFB3 /* main.cpp in Sources */,
			);
			runOnlyForDeploymentPostprocessing = 0;
		};
/* End PBXSourcesBuildPhase section */

/* Begin XCBuildConfiguration section */
		80F0B9871FA07FAC00BAFFB3 /* Debug */ = {
			isa = XCBuildConfiguration;
			buildSettings = {
				ALWAYS_SEARCH_USER_PATHS = NO;
				CLANG_ANALYZER_NONNULL = YES;
				CLANG_ANALYZER_NUMBER_OBJECT_CONVERSION = YES_AGGRESSIVE;
				CLANG_CXX_LANGUAGE_STANDARD = "gnu++14";
				CLANG_CXX_LIBRARY = "libc++";
				CLANG_ENABLE_MODULES = YES;
				CLANG_ENABLE_OBJC_ARC = YES;
				CLANG_WARN_BLOCK_CAPTURE_AUTORELEASING = YES;
				CLANG_WARN_BOOL_CONVERSION = YES;
				CLANG_WARN_COMMA = YES;
				CLANG_WARN_CONSTANT_CONVERSION = YES;
				CLANG_WARN_DIRECT_OBJC_ISA_USAGE = YES_ERROR;
				CLANG_WARN_DOCUMENTATION_COMMENTS = YES;
				CLANG_WARN_EMPTY_BODY = YES;
				CLANG_WARN_ENUM_CONVERSION = YES;
				CLANG_WARN_INFINITE_RECURSION = YES;
				CLANG_WARN_INT_CONVERSION = YES;
				CLANG_WARN_NON_LITERAL_NULL_CONVERSION = YES;
				CLANG_WARN_OBJC_LITERAL_CONVERSION = YES;
				CLANG_WARN_OBJC_ROOT_CLASS = YES_ERROR;
				CLANG_WARN_RANGE_LOOP_ANALYSIS = YES;
				CLANG_WARN_STRICT_PROTOTYPES = YES;
				CLANG_WARN_SUSPICIOUS_MOVE = YES;
				CLANG_WARN_UNGUARDED_AVAILABILITY = YES_AGGRESSIVE;
				CLANG_WARN_UNREACHABLE_CODE = YES;
				CLANG_WARN__DUPLICATE_METHOD_MATCH = YES;
				CODE_SIGN_IDENTITY = "Mac Developer";
				COPY_PHASE_STRIP = NO;
				DEBUG_INFORMATION_FORMAT = dwarf;
				ENABLE_STRICT_OBJC_MSGSEND = YES;
				ENABLE_TESTABILITY = YES;
				GCC_C_LANGUAGE_STANDARD = gnu11;
				GCC_DYNAMIC_NO_PIC = NO;
				GCC_NO_COMMON_BLOCKS = YES;
				GCC_OPTIMIZATION_LEVEL = 0;
				GCC_PREPROCESSOR_DEFINITIONS = (
					"DEBUG=1",
					"$(inherited)",
				);
				GCC_WARN_64_TO_32_BIT_CONVERSION = YES;
				GCC_WARN_ABOUT_RETURN_TYPE = YES_ERROR;
				GCC_WARN_UNDECLARED_SELECTOR = YES;
				GCC_WARN_UNINITIALIZED_AUTOS = YES_AGGRESSIVE;
				GCC_WARN_UNUSED_FUNCTION = YES;
				GCC_WARN_UNUSED_VARIABLE = YES;
				MACOSX_DEPLOYMENT_TARGET = 10.12;
				MTL_ENABLE_DEBUG_INFO = YES;
				ONLY_ACTIVE_ARCH = YES;
				SDKROOT = macosx;
			};
			name = Debug;
		};
		80F0B9881FA07FAC00BAFFB3 /* Release */ = {
			isa = XCBuildConfiguration;
			buildSettings = {
				ALWAYS_SEARCH_USER_PATHS = NO;
				CLANG_ANALYZER_NONNULL = YES;
				CLANG_ANALYZER_NUMBER_OBJECT_CONVERSION = YES_AGGRESSIVE;
				CLANG_CXX_LANGUAGE_STANDARD = "gnu++14";
				CLANG_CXX_LIBRARY = "libc++";
				CLANG_ENABLE_MODULES = YES;
				CLANG_ENABLE_OBJC_ARC = YES;
				CLANG_WARN_BLOCK_CAPTURE_AUTORELEASING = YES;
				CLANG_WARN_BOOL_CONVERSION = YES;
				CLANG_WARN_COMMA = YES;
				CLANG_WARN_CONSTANT_CONVERSION = YES;
				CLANG_WARN_DIRECT_OBJC_ISA_USAGE = YES_ERROR;
				CLANG_WARN_DOCUMENTATION_COMMENTS = YES;
				CLANG_WARN_EMPTY_BODY = YES;
				CLANG_WARN_ENUM_CONVERSION = YES;
				CLANG_WARN_INFINITE_RECURSION = YES;
				CLANG_WARN_INT_CONVERSION = YES;
				CLANG_WARN_NON_LITERAL_NULL_CONVERSION = YES;
				CLANG_WARN_OBJC_LITERAL_CONVERSION = YES;
				CLANG_WARN_OBJC_ROOT_CLASS = YES_ERROR;
				CLANG_WARN_RANGE_LOOP_ANALYSIS = YES;
				CLANG_WARN_STRICT_PROTOTYPES = YES;
				CLANG_WARN_SUSPICIOUS_MOVE = YES;
				CLANG_WARN_UNGUARDED_AVAILABILITY = YES_AGGRESSIVE;
				CLANG_WARN_UNREACHABLE_CODE = YES;
				CLANG_WARN__DUPLICATE_METHOD_MATCH = YES;
				CODE_SIGN_IDENTITY = "Mac Developer";
				COPY_PHASE_STRIP = NO;
				DEBUG_INFORMATION_FORMAT = "dwarf-with-dsym";
				ENABLE_NS_ASSERTIONS = NO;
				ENABLE_STRICT_OBJC_MSGSEND = YES;
				GCC_C_LANGUAGE_STANDARD = gnu11;
				GCC_NO_COMMON_BLOCKS = YES;
				GCC_WARN_64_TO_32_BIT_CONVERSION = YES;
				GCC_WARN_ABOUT_RETURN_TYPE = YES_ERROR;
				GCC_WARN_UNDECLARED_SELECTOR = YES;
				GCC_WARN_UNINITIALIZED_AUTOS = YES_AGGRESSIVE;
				GCC_WARN_UNUSED_FUNCTION = YES;
				GCC_WARN_UNUSED_VARIABLE = YES;
				MACOSX_DEPLOYMENT_TARGET = 10.12;
				MTL_ENABLE_DEBUG_INFO = NO;
				SDKROOT = macosx;
			};
			name = Release;
		};
		80F0B98A1FA07FAC00BAFFB3 /* Debug */ = {
			isa = XCBuildConfiguration;
			buildSettings = {
				CODE_SIGN_STYLE = Automatic;
				DEVELOPMENT_TEAM = U78UYY28JB;
				HEADER_SEARCH_PATHS = /usr/local/include;
				LIBRARY_SEARCH_PATHS = (
					"$(inherited)",
					/usr/local/Cellar/glfw/3.2.1/lib,
				);
				PRODUCT_NAME = "$(TARGET_NAME)";
			};
			name = Debug;
		};
		80F0B98B1FA07FAC00BAFFB3 /* Release */ = {
			isa = XCBuildConfiguration;
			buildSettings = {
				CODE_SIGN_STYLE = Automatic;
				DEVELOPMENT_TEAM = U78UYY28JB;
				HEADER_SEARCH_PATHS = /usr/local/include;
				LIBRARY_SEARCH_PATHS = (
					"$(inherited)",
					/usr/local/Cellar/glfw/3.2.1/lib,
				);
				PRODUCT_NAME = "$(TARGET_NAME)";
			};
			name = Release;
		};
/* End XCBuildConfiguration section */

/* Begin XCConfigurationList section */
		80F0B97D1FA07FAC00BAFFB3 /* Build configuration list for PBXProject "CurvesVisualizer" */ = {
			isa = XCConfigurationList;
			buildConfigurations = (
				80F0B9871FA07FAC00BAFFB3 /* Debug */,
				80F0B9881FA07FAC00BAFFB3 /* Release */,
			);
			defaultConfigurationIsVisible = 0;
			defaultConfigurationName = Release;
		};
		80F0B9891FA07FAC00BAFFB3 /* Build configuration list for PBXNativeTarget "CurvesVisualizer" */ = {
			isa = XCConfigurationList;
			buildConfigurations = (
				80F0B98A1FA07FAC00BAFFB3 /* Debug */,
				80F0B98B1FA07FAC00BAFFB3 /* Release */,
			);
			defaultConfigurationIsVisible = 0;
			defaultConfigurationName = Release;
		};
/* End XCConfigurationList section */
	};
	rootObject = 80F0B97A1FA07FAC00BAFFB3 /* Project object */;
}
